
Microsoft Visual Studio Solution File, Format Version 12.00
# Visual Studio Version 16
VisualStudioVersion = 16.0.32802.440
MinimumVisualStudioVersion = 10.0.40219.1
Project("{FAE04EC0-301F-11D3-BF4B-00C04F79EFBC}") = "DrawTextEx", "DrawTextEx\DrawTextEx.csproj", "{48305193-8D9D-48C9-864C-56CC6066BB37}"
EndProject
Global
	GlobalSection(SolutionConfigurationPlatforms) = preSolution
		Debug|Any CPU = Debug|Any CPU
		Release|Any CPU = Release|Any CPU
	EndGlobalSection
	GlobalSection(ProjectConfigurationPlatforms) = postSolution
		{48305193-8D9D-48C9-864C-56CC6066BB37}.Debug|Any CPU.ActiveCfg = Debug|Any CPU
		{48305193-8D9D-48C9-864C-56CC6066BB37}.Debug|Any CPU.Build.0 = Debug|Any CPU
		{48305193-8D9D-48C9-864C-56CC6066BB37}.Release|Any CPU.ActiveCfg = Release|Any CPU
		{48305193-8D9D-48C9-864C-56CC6066BB37}.Release|Any CPU.Build.0 = Release|Any CPU
	EndGlobalSection
	GlobalSection(SolutionProperties) = preSolution
		HideSolutionNode = FALSE
	EndGlobalSection
	GlobalSection(ExtensibilityGlobals) = postSolution
		SolutionGuid = {78684361-18F5-4AFD-8627-60155A25313D}
	EndGlobalSection
EndGlobal
